{
  "name": "bun-dev",
  "lockfileVersion": 3,
  "requires": true,
  "packages": {
    "": {
      "name": "bun-dev",
      "dependencies": {
        "@types/google-apps-script": "^1.0.71"
      },
      "devDependencies": {
        "bun-types": "latest"
      },
      "peerDependencies": {
        "typescript": "^5.0.0"
      }
    },
    "node_modules/@types/google-apps-script": {
      "version": "1.0.71",
      "resolved": "https://registry.npmjs.org/@types/google-apps-script/-/google-apps-script-1.0.71.tgz",
      "integrity": "sha512-+E7xGc4sUt/X/SNJRIODgZ7KPylMdEcywoEaFK7ve5gLr5JFZEl0hBlCizh6OA3msQycszF1Uhi5IBjjZHBhhw=="
    },
    "node_modules/bun-types": {
      "version": "1.0.3",
      "resolved": "https://registry.npmjs.org/bun-types/-/bun-types-1.0.3.tgz",
      "integrity": "sha512-XlyKVdYCHa7K5PHYGcwOVOrGE/bMnLS51y7zFA3ZAAXyiQ6dTaNXNCWTTufgII/6ruN770uhAXphQmzvU/r2fQ==",
      "dev": true
    },
    "node_modules/typescript": {
      "version": "5.2.2",
      "resolved": "https://registry.npmjs.org/typescript/-/typescript-5.2.2.tgz",
      "integrity": "sha512-mI4WrpHsbCIcwT9cF4FZvr80QUeKvsUsUvKDoR+X/7XHQH98xYD8YHZg7ANtz2GtZt/CBq2QJ0thkGJMHfqc1w==",
      "peer": true,
      "bin": {
        "tsc": "bin/tsc",
        "tsserver": "bin/tsserver"
      },
      "engines": {
        "node": ">=14.17"
      }
    }
  }
}
